
Microsoft Visual Studio Solution File, Format Version 12.00
# Visual Studio Version 17
VisualStudioVersion = 17.8.34330.188
MinimumVisualStudioVersion = 10.0.40219.1
Project("{FAE04EC0-301F-11D3-BF4B-00C04F79EFBC}") = "AutoPubli", "AutoPubli.csproj", "{B4C56E97-BC2A-4B43-B682-6C19F6F5DFEF}"
EndProject
Global
	GlobalSection(SolutionConfigurationPlatforms) = preSolution
		Debug|Any CPU = Debug|Any CPU
		Release|Any CPU = Release|Any CPU
	EndGlobalSection
	GlobalSection(ProjectConfigurationPlatforms) = postSolution
		{B4C56E97-BC2A-4B43-B682-6C19F6F5DFEF}.Debug|Any CPU.ActiveCfg = Debug|Any CPU
		{B4C56E97-BC2A-4B43-B682-6C19F6F5DFEF}.Debug|Any CPU.Build.0 = Debug|Any CPU
		{B4C56E97-BC2A-4B43-B682-6C19F6F5DFEF}.Release|Any CPU.ActiveCfg = Release|Any CPU
		{B4C56E97-BC2A-4B43-B682-6C19F6F5DFEF}.Release|Any CPU.Build.0 = Release|Any CPU
	EndGlobalSection
	GlobalSection(SolutionProperties) = preSolution
		HideSolutionNode = FALSE
	EndGlobalSection
	GlobalSection(ExtensibilityGlobals) = postSolution
		SolutionGuid = {6C3CE1F6-9C87-455A-92C7-93B1D6B7D84F}
	EndGlobalSection
EndGlobal
